// !$*UTF8*$!
{
	archiveVersion = 1;
	classes = {
	};
	objectVersion = 46;
	objects = {

/* Begin PBXBuildFile section */
		BAACD7A61DECAD830029953D /* AppDelegate.swift in Sources */ = {isa = PBXBuildFile; fileRef = BAACD7A51DECAD830029953D /* AppDelegate.swift */; };
		BAACD7A81DECAD830029953D /* ViewController.swift in Sources */ = {isa = PBXBuildFile; fileRef = BAACD7A71DECAD830029953D /* ViewController.swift */; };
		BAACD7AB1DECAD830029953D /* Main.storyboard in Resources */ = {isa = PBXBuildFile; fileRef = BAACD7A91DECAD830029953D /* Main.storyboard */; };
		BAACD7AD1DECAD830029953D /* Assets.xcassets in Resources */ = {isa = PBXBuildFile; fileRef = BAACD7AC1DECAD830029953D /* Assets.xcassets */; };
		BAACD7B01DECAD830029953D /* LaunchScreen.storyboard in Resources */ = {isa = PBXBuildFile; fileRef = BAACD7AE1DECAD830029953D /* LaunchScreen.storyboard */; };
/* End PBXBuildFile section */

/* Begin PBXFileReference section */
		BAACD7A21DECAD830029953D /* Word Gessing Game.app */ = {isa = PBXFileReference; explicitFileType = wrapper.application; includeInIndex = 0; path = "Word Gessing Game.app"; sourceTree = BUILT_PRODUCTS_DIR; };
		BAACD7A51DECAD830029953D /* AppDelegate.swift */ = {isa = PBXFileReference; lastKnownFileType = sourcecode.swift; path = AppDelegate.swift; sourceTree = "<group>"; };
		BAACD7A71DECAD830029953D /* ViewController.swift */ = {isa = PBXFileReference; lastKnownFileType = sourcecode.swift; path = ViewController.swift; sourceTree = "<group>"; };
		BAACD7AA1DECAD830029953D /* Base */ = {isa = PBXFileReference; lastKnownFileType = file.storyboard; name = Base; path = Base.lproj/Main.storyboard; sourceTree = "<group>"; };
		BAACD7AC1DECAD830029953D /* Assets.xcassets */ = {isa = PBXFileReference; lastKnownFileType = folder.assetcatalog; path = Assets.xcassets; sourceTree = "<group>"; };
		BAACD7AF1DECAD830029953D /* Base */ = {isa = PBXFileReference; lastKnownFileType = file.storyboard; name = Base; path = Base.lproj/LaunchScreen.storyboard; sourceTree = "<group>"; };
		BAACD7B11DECAD830029953D /* Info.plist */ = {isa = PBXFileReference; lastKnownFileType = text.plist.xml; path = Info.plist; sourceTree = "<group>"; };
/* End PBXFileReference section */

/* Begin PBXFrameworksBuildPhase section */
		BAACD79F1DECAD830029953D /* Frameworks */ = {
			isa = PBXFrameworksBuildPhase;
			buildActionMask = 2147483647;
			files = (
			);
			runOnlyForDeploymentPostprocessing = 0;
		};
/* End PBXFrameworksBuildPhase section */

/* Begin PBXGroup section */
		BAACD7991DECAD830029953D = {
			isa = PBXGroup;
			children = (
				BAACD7A41DECAD830029953D /* Word Gessing Game */,
				BAACD7A31DECAD830029953D /* Products */,
			);
			sourceTree = "<group>";
		};
		BAACD7A31DECAD830029953D /* Products */ = {
			isa = PBXGroup;
			children = (
				BAACD7A21DECAD830029953D /* Word Gessing Game.app */,
			);
			name = Products;
			sourceTree = "<group>";
		};
		BAACD7A41DECAD830029953D /* Word Gessing Game */ = {
			isa = PBXGroup;
			children = (
				BAACD7A51DECAD830029953D /* AppDelegate.swift */,
				BAACD7A71DECAD830029953D /* ViewController.swift */,
				BAACD7A91DECAD830029953D /* Main.storyboard */,
				BAACD7AC1DECAD830029953D /* Assets.xcassets */,
				BAACD7AE1DECAD830029953D /* LaunchScreen.storyboard */,
				BAACD7B11DECAD830029953D /* Info.plist */,
			);
			path = "Word Gessing Game";
			sourceTree = "<group>";
		};
/* End PBXGroup section */

/* Begin PBXNativeTarget section */
		BAACD7A11DECAD830029953D /* Word Gessing Game */ = {
			isa = PBXNativeTarget;
			buildConfigurationList = BAACD7B41DECAD830029953D /* Build configuration list for PBXNativeTarget "Word Gessing Game" */;
			buildPhases = (
				BAACD79E1DECAD830029953D /* Sources */,
				BAACD79F1DECAD830029953D /* Frameworks */,
				BAACD7A01DECAD830029953D /* Resources */,
			);
			buildRules = (
			);
			dependencies = (
			);
			name = "Word Gessing Game";
			productName = "Word Gessing Game";
			productReference = BAACD7A21DECAD830029953D /* Word Gessing Game.app */;
			productType = "com.apple.product-type.application";
		};
/* End PBXNativeTarget section */

/* Begin PBXProject section */
		BAACD79A1DECAD830029953D /* Project object */ = {
			isa = PBXProject;
			attributes = {
				LastSwiftUpdateCheck = 0810;
				LastUpgradeCheck = 0810;
				ORGANIZATIONNAME = "Henry Aguinaga";
				TargetAttributes = {
					BAACD7A11DECAD830029953D = {
						CreatedOnToolsVersion = 8.1;
						DevelopmentTeam = ZGKM2V59UB;
						ProvisioningStyle = Automatic;
					};
				};
			};
			buildConfigurationList = BAACD79D1DECAD830029953D /* Build configuration list for PBXProject "Word Guessing Game" */;
			compatibilityVersion = "Xcode 3.2";
			developmentRegion = English;
			hasScannedForEncodings = 0;
			knownRegions = (
				en,
				Base,
			);
			mainGroup = BAACD7991DECAD830029953D;
			productRefGroup = BAACD7A31DECAD830029953D /* Products */;
			projectDirPath = "";
			projectRoot = "";
			targets = (
				BAACD7A11DECAD830029953D /* Word Gessing Game */,
			);
		};
/* End PBXProject section */

/* Begin PBXResourcesBuildPhase section */
		BAACD7A01DECAD830029953D /* Resources */ = {
			isa = PBXResourcesBuildPhase;
			buildActionMask = 2147483647;
			files = (
				BAACD7B01DECAD830029953D /* LaunchScreen.storyboard in Resources */,
				BAACD7AD1DECAD830029953D /* Assets.xcassets in Resources */,
				BAACD7AB1DECAD830029953D /* Main.storyboard in Resources */,
			);
			runOnlyForDeploymentPostprocessing = 0;
		};
/* End PBXResourcesBuildPhase section */

/* Begin PBXSourcesBuildPhase section */
		BAACD79E1DECAD830029953D /* Sources */ = {
			isa = PBXSourcesBuildPhase;
			buildActionMask = 2147483647;
			files = (
				BAACD7A81DECAD830029953D /* ViewController.swift in Sources */,
				BAACD7A61DECAD830029953D /* AppDelegate.swift in Sources */,
			);
			runOnlyForDeploymentPostprocessing = 0;
		};
/* End PBXSourcesBuildPhase section */

/* Begin PBXVariantGroup section */
		BAACD7A91DECAD830029953D /* Main.storyboard */ = {
			isa = PBXVariantGroup;
			children = (
				BAACD7AA1DECAD830029953D /* Base */,
			);
			name = Main.storyboard;
			sourceTree = "<group>";
		};
		BAACD7AE1DECAD830029953D /* LaunchScreen.storyboard */ = {
			isa = PBXVariantGroup;
			children = (
				BAACD7AF1DECAD830029953D /* Base */,
			);
			name = LaunchScreen.storyboard;
			sourceTree = "<group>";
		};
/* End PBXVariantGroup section */

/* Begin XCBuildConfiguration section */
		BAACD7B21DECAD830029953D /* Debug */ = {
			isa = XCBuildConfiguration;
			buildSettings = {
				ALWAYS_SEARCH_USER_PATHS = NO;
				CLANG_ANALYZER_NONNULL = YES;
				CLANG_CXX_LANGUAGE_STANDARD = "gnu++0x";
				CLANG_CXX_LIBRARY = "libc++";
				CLANG_ENABLE_MODULES = YES;
				CLANG_ENABLE_OBJC_ARC = YES;
				CLANG_WARN_BOOL_CONVERSION = YES;
				CLANG_WARN_CONSTANT_CONVERSION = YES;
				CLANG_WARN_DIRECT_OBJC_ISA_USAGE = YES_ERROR;
				CLANG_WARN_DOCUMENTATION_COMMENTS = YES;
				CLANG_WARN_EMPTY_BODY = YES;
				CLANG_WARN_ENUM_CONVERSION = YES;
				CLANG_WARN_INFINITE_RECURSION = YES;
				CLANG_WARN_INT_CONVERSION = YES;
				CLANG_WARN_OBJC_ROOT_CLASS = YES_ERROR;
				CLANG_WARN_SUSPICIOUS_MOVES = YES;
				CLANG_WARN_UNREACHABLE_CODE = YES;
				CLANG_WARN__DUPLICATE_METHOD_MATCH = YES;
				"CODE_SIGN_IDENTITY[sdk=iphoneos*]" = "iPhone Developer";
				COPY_PHASE_STRIP = NO;
				DEBUG_INFORMATION_FORMAT = dwarf;
				ENABLE_STRICT_OBJC_MSGSEND = YES;
				ENABLE_TESTABILITY = YES;
				GCC_C_LANGUAGE_STANDARD = gnu99;
				GCC_DYNAMIC_NO_PIC = NO;
				GCC_NO_COMMON_BLOCKS = YES;
				GCC_OPTIMIZATION_LEVEL = 0;
				GCC_PREPROCESSOR_DEFINITIONS = (
					"DEBUG=1",
					"$(inherited)",
				);
				GCC_WARN_64_TO_32_BIT_CONVERSION = YES;
				GCC_WARN_ABOUT_RETURN_TYPE = YES_ERROR;
				GCC_WARN_UNDECLARED_SELECTOR = YES;
				GCC_WARN_UNINITIALIZED_AUTOS = YES_AGGRESSIVE;
				GCC_WARN_UNUSED_FUNCTION = YES;
				GCC_WARN_UNUSED_VARIABLE = YES;
				IPHONEOS_DEPLOYMENT_TARGET = 10.1;
				MTL_ENABLE_DEBUG_INFO = YES;
				ONLY_ACTIVE_ARCH = YES;
				SDKROOT = iphoneos;
				SWIFT_ACTIVE_COMPILATION_CONDITIONS = DEBUG;
				SWIFT_OPTIMIZATION_LEVEL = "-Onone";
				TARGETED_DEVICE_FAMILY = "1,2";
			};
			name = Debug;
		};
		BAACD7B31DECAD830029953D /* Release */ = {
			isa = XCBuildConfiguration;
			buildSettings = {
				ALWAYS_SEARCH_USER_PATHS = NO;
				CLANG_ANALYZER_NONNULL = YES;
				CLANG_CXX_LANGUAGE_STANDARD = "gnu++0x";
				CLANG_CXX_LIBRARY = "libc++";
				CLANG_ENABLE_MODULES = YES;
				CLANG_ENABLE_OBJC_ARC = YES;
				CLANG_WARN_BOOL_CONVERSION = YES;
				CLANG_WARN_CONSTANT_CONVERSION = YES;
				CLANG_WARN_DIRECT_OBJC_ISA_USAGE = YES_ERROR;
				CLANG_WARN_DOCUMENTATION_COMMENTS = YES;
				CLANG_WARN_EMPTY_BODY = YES;
				CLANG_WARN_ENUM_CONVERSION = YES;
				CLANG_WARN_INFINITE_RECURSION = YES;
				CLANG_WARN_INT_CONVERSION = YES;
				CLANG_WARN_OBJC_ROOT_CLASS = YES_ERROR;
				CLANG_WARN_SUSPICIOUS_MOVES = YES;
				CLANG_WARN_UNREACHABLE_CODE = YES;
				CLANG_WARN__DUPLICATE_METHOD_MATCH = YES;
				"CODE_SIGN_IDENTITY[sdk=iphoneos*]" = "iPhone Developer";
				COPY_PHASE_STRIP = NO;
				DEBUG_INFORMATION_FORMAT = "dwarf-with-dsym";
				ENABLE_NS_ASSERTIONS = NO;
				ENABLE_STRICT_OBJC_MSGSEND = YES;
				GCC_C_LANGUAGE_STANDARD = gnu99;
				GCC_NO_COMMON_BLOCKS = YES;
				GCC_WARN_64_TO_32_BIT_CONVERSION = YES;
				GCC_WARN_ABOUT_RETURN_TYPE = YES_ERROR;
				GCC_WARN_UNDECLARED_SELECTOR = YES;
				GCC_WARN_UNINITIALIZED_AUTOS = YES_AGGRESSIVE;
				GCC_WARN_UNUSED_FUNCTION = YES;
				GCC_WARN_UNUSED_VARIABLE = YES;
				IPHONEOS_DEPLOYMENT_TARGET = 10.1;
				MTL_ENABLE_DEBUG_INFO = NO;
				SDKROOT = iphoneos;
				SWIFT_OPTIMIZATION_LEVEL = "-Owholemodule";
				TARGETED_DEVICE_FAMILY = "1,2";
				VALIDATE_PRODUCT = YES;
			};
			name = Release;
		};
		BAACD7B51DECAD830029953D /* Debug */ = {
			isa = XCBuildConfiguration;
			buildSettings = {
				ASSETCATALOG_COMPILER_APPICON_NAME = AppIcon;
				DEVELOPMENT_TEAM = ZGKM2V59UB;
				INFOPLIST_FILE = "Word Gessing Game/Info.plist";
				LD_RUNPATH_SEARCH_PATHS = "$(inherited) @executable_path/Frameworks";
				PRODUCT_BUNDLE_IDENTIFIER = "com.henry.Word-Gessing-Game";
				PRODUCT_NAME = "$(TARGET_NAME)";
				SWIFT_VERSION = 3.0;
			};
			name = Debug;
		};
		BAACD7B61DECAD830029953D /* Release */ = {
			isa = XCBuildConfiguration;
			buildSettings = {
				ASSETCATALOG_COMPILER_APPICON_NAME = AppIcon;
				DEVELOPMENT_TEAM = ZGKM2V59UB;
				INFOPLIST_FILE = "Word Gessing Game/Info.plist";
				LD_RUNPATH_SEARCH_PATHS = "$(inherited) @executable_path/Frameworks";
				PRODUCT_BUNDLE_IDENTIFIER = "com.henry.Word-Gessing-Game";
				PRODUCT_NAME = "$(TARGET_NAME)";
				SWIFT_VERSION = 3.0;
			};
			name = Release;
		};
/* End XCBuildConfiguration section */

/* Begin XCConfigurationList section */
		BAACD79D1DECAD830029953D /* Build configuration list for PBXProject "Word Guessing Game" */ = {
			isa = XCConfigurationList;
			buildConfigurations = (
				BAACD7B21DECAD830029953D /* Debug */,
				BAACD7B31DECAD830029953D /* Release */,
			);
			defaultConfigurationIsVisible = 0;
			defaultConfigurationName = Release;
		};
		BAACD7B41DECAD830029953D /* Build configuration list for PBXNativeTarget "Word Gessing Game" */ = {
			isa = XCConfigurationList;
			buildConfigurations = (
				BAACD7B51DECAD830029953D /* Debug */,
				BAACD7B61DECAD830029953D /* Release */,
			);
			defaultConfigurationIsVisible = 0;
			defaultConfigurationName = Release;
		};
/* End XCConfigurationList section */
	};
	rootObject = BAACD79A1DECAD830029953D /* Project object */;
}
